
Microsoft Visual Studio Solution File, Format Version 12.00
# Visual Studio Version 17
VisualStudioVersion = 17.6.33723.286
MinimumVisualStudioVersion = 10.0.40219.1
Project("{FAE04EC0-301F-11D3-BF4B-00C04F79EFBC}") = "CallingAssemblyPatcher", "CallingAssemblyPatcher\CallingAssemblyPatcher.csproj", "{00AF9B41-4223-40D2-8FE2-891CA0B6C044}"
EndProject
Global
	GlobalSection(SolutionConfigurationPlatforms) = preSolution
		Debug|Any CPU = Debug|Any CPU
		Release|Any CPU = Release|Any CPU
	EndGlobalSection
	GlobalSection(ProjectConfigurationPlatforms) = postSolution
		{00AF9B41-4223-40D2-8FE2-891CA0B6C044}.Debug|Any CPU.ActiveCfg = Debug|Any CPU
		{00AF9B41-4223-40D2-8FE2-891CA0B6C044}.Debug|Any CPU.Build.0 = Debug|Any CPU
		{00AF9B41-4223-40D2-8FE2-891CA0B6C044}.Release|Any CPU.ActiveCfg = Release|Any CPU
		{00AF9B41-4223-40D2-8FE2-891CA0B6C044}.Release|Any CPU.Build.0 = Release|Any CPU
	EndGlobalSection
	GlobalSection(SolutionProperties) = preSolution
		HideSolutionNode = FALSE
	EndGlobalSection
	GlobalSection(ExtensibilityGlobals) = postSolution
		SolutionGuid = {D139653A-D155-429D-B40A-C88605300B16}
	EndGlobalSection
EndGlobal
